
Microsoft Visual Studio Solution File, Format Version 12.00
# Visual Studio Version 16
VisualStudioVersion = 16.0.30309.148
MinimumVisualStudioVersion = 10.0.40219.1
Project("{FAE04EC0-301F-11D3-BF4B-00C04F79EFBC}") = "ButtonLogger.UWP", "ButtonLogger\ButtonLogger.UWP\ButtonLogger.UWP.csproj", "{4BC0AA4D-2701-4E05-88B4-BB1ECDC5C549}"
EndProject
Project("{FAE04EC0-301F-11D3-BF4B-00C04F79EFBC}") = "ButtonLogger.Android", "ButtonLogger\ButtonLogger.Android\ButtonLogger.Android.csproj", "{422B6BA0-0844-46B5-B087-2F921AE2DB92}"
EndProject
Project("{FAE04EC0-301F-11D3-BF4B-00C04F79EFBC}") = "ButtonLogger.iOS", "ButtonLogger\ButtonLogger.iOS\ButtonLogger.iOS.csproj", "{0FE15517-A3C8-4563-9942-39A1F664FFE1}"
EndProject
Project("{FAE04EC0-301F-11D3-BF4B-00C04F79EFBC}") = "ButtonLogger", "ButtonLogger\ButtonLogger\ButtonLogger.csproj", "{D12E8818-0657-47D0-95E4-760B811C3C5D}"
EndProject
Global
	GlobalSection(SolutionConfigurationPlatforms) = preSolution
		Debug|Any CPU = Debug|Any CPU
		Debug|ARM = Debug|ARM
		Debug|iPhone = Debug|iPhone
		Debug|iPhoneSimulator = Debug|iPhoneSimulator
		Debug|x64 = Debug|x64
		Debug|x86 = Debug|x86
		Release|Any CPU = Release|Any CPU
		Release|ARM = Release|ARM
		Release|iPhone = Release|iPhone
		Release|iPhoneSimulator = Release|iPhoneSimulator
		Release|x64 = Release|x64
		Release|x86 = Release|x86
	EndGlobalSection
	GlobalSection(ProjectConfigurationPlatforms) = postSolution
		{4BC0AA4D-2701-4E05-88B4-BB1ECDC5C549}.Debug|Any CPU.ActiveCfg = Debug|x86
		{4BC0AA4D-2701-4E05-88B4-BB1ECDC5C549}.Debug|Any CPU.Build.0 = Debug|x86
		{4BC0AA4D-2701-4E05-88B4-BB1ECDC5C549}.Debug|Any CPU.Deploy.0 = Debug|x86
		{4BC0AA4D-2701-4E05-88B4-BB1ECDC5C549}.Debug|ARM.ActiveCfg = Debug|ARM
		{4BC0AA4D-2701-4E05-88B4-BB1ECDC5C549}.Debug|ARM.Build.0 = Debug|ARM
		{4BC0AA4D-2701-4E05-88B4-BB1ECDC5C549}.Debug|ARM.Deploy.0 = Debug|ARM
		{4BC0AA4D-2701-4E05-88B4-BB1ECDC5C549}.Debug|iPhone.ActiveCfg = Debug|x86
		{4BC0AA4D-2701-4E05-88B4-BB1ECDC5C549}.Debug|iPhone.Build.0 = Debug|x86
		{4BC0AA4D-2701-4E05-88B4-BB1ECDC5C549}.Debug|iPhone.Deploy.0 = Debug|x86
		{4BC0AA4D-2701-4E05-88B4-BB1ECDC5C549}.Debug|iPhoneSimulator.ActiveCfg = Debug|x86
		{4BC0AA4D-2701-4E05-88B4-BB1ECDC5C549}.Debug|iPhoneSimulator.Build.0 = Debug|x86
		{4BC0AA4D-2701-4E05-88B4-BB1ECDC5C549}.Debug|iPhoneSimulator.Deploy.0 = Debug|x86
		{4BC0AA4D-2701-4E05-88B4-BB1ECDC5C549}.Debug|x64.ActiveCfg = Debug|x64
		{4BC0AA4D-2701-4E05-88B4-BB1ECDC5C549}.Debug|x64.Build.0 = Debug|x64
		{4BC0AA4D-2701-4E05-88B4-BB1ECDC5C549}.Debug|x64.Deploy.0 = Debug|x64
		{4BC0AA4D-2701-4E05-88B4-BB1ECDC5C549}.Debug|x86.ActiveCfg = Debug|x86
		{4BC0AA4D-2701-4E05-88B4-BB1ECDC5C549}.Debug|x86.Build.0 = Debug|x86
		{4BC0AA4D-2701-4E05-88B4-BB1ECDC5C549}.Debug|x86.Deploy.0 = Debug|x86
		{4BC0AA4D-2701-4E05-88B4-BB1ECDC5C549}.Release|Any CPU.ActiveCfg = Release|x86
		{4BC0AA4D-2701-4E05-88B4-BB1ECDC5C549}.Release|Any CPU.Build.0 = Release|x86
		{4BC0AA4D-2701-4E05-88B4-BB1ECDC5C549}.Release|Any CPU.Deploy.0 = Release|x86
		{4BC0AA4D-2701-4E05-88B4-BB1ECDC5C549}.Release|ARM.ActiveCfg = Release|ARM
		{4BC0AA4D-2701-4E05-88B4-BB1ECDC5C549}.Release|ARM.Build.0 = Release|ARM
		{4BC0AA4D-2701-4E05-88B4-BB1ECDC5C549}.Release|ARM.Deploy.0 = Release|ARM
		{4BC0AA4D-2701-4E05-88B4-BB1ECDC5C549}.Release|iPhone.ActiveCfg = Release|x86
		{4BC0AA4D-2701-4E05-88B4-BB1ECDC5C549}.Release|iPhone.Build.0 = Release|x86
		{4BC0AA4D-2701-4E05-88B4-BB1ECDC5C549}.Release|iPhone.Deploy.0 = Release|x86
		{4BC0AA4D-2701-4E05-88B4-BB1ECDC5C549}.Release|iPhoneSimulator.ActiveCfg = Release|x86
		{4BC0AA4D-2701-4E05-88B4-BB1ECDC5C549}.Release|iPhoneSimulator.Build.0 = Release|x86
		{4BC0AA4D-2701-4E05-88B4-BB1ECDC5C549}.Release|iPhoneSimulator.Deploy.0 = Release|x86
		{4BC0AA4D-2701-4E05-88B4-BB1ECDC5C549}.Release|x64.ActiveCfg = Release|x64
		{4BC0AA4D-2701-4E05-88B4-BB1ECDC5C549}.Release|x64.Build.0 = Release|x64
		{4BC0AA4D-2701-4E05-88B4-BB1ECDC5C549}.Release|x64.Deploy.0 = Release|x64
		{4BC0AA4D-2701-4E05-88B4-BB1ECDC5C549}.Release|x86.ActiveCfg = Release|x86
		{4BC0AA4D-2701-4E05-88B4-BB1ECDC5C549}.Release|x86.Build.0 = Release|x86
		{4BC0AA4D-2701-4E05-88B4-BB1ECDC5C549}.Release|x86.Deploy.0 = Release|x86
		{422B6BA0-0844-46B5-B087-2F921AE2DB92}.Debug|Any CPU.ActiveCfg = Debug|Any CPU
		{422B6BA0-0844-46B5-B087-2F921AE2DB92}.Debug|Any CPU.Build.0 = Debug|Any CPU
		{422B6BA0-0844-46B5-B087-2F921AE2DB92}.Debug|Any CPU.Deploy.0 = Debug|Any CPU
		{422B6BA0-0844-46B5-B087-2F921AE2DB92}.Debug|ARM.ActiveCfg = Debug|Any CPU
		{422B6BA0-0844-46B5-B087-2F921AE2DB92}.Debug|ARM.Build.0 = Debug|Any CPU
		{422B6BA0-0844-46B5-B087-2F921AE2DB92}.Debug|ARM.Deploy.0 = Debug|Any CPU
		{422B6BA0-0844-46B5-B087-2F921AE2DB92}.Debug|iPhone.ActiveCfg = Debug|Any CPU
		{422B6BA0-0844-46B5-B087-2F921AE2DB92}.Debug|iPhone.Build.0 = Debug|Any CPU
		{422B6BA0-0844-46B5-B087-2F921AE2DB92}.Debug|iPhone.Deploy.0 = Debug|Any CPU
		{422B6BA0-0844-46B5-B087-2F921AE2DB92}.Debug|iPhoneSimulator.ActiveCfg = Debug|Any CPU
		{422B6BA0-0844-46B5-B087-2F921AE2DB92}.Debug|iPhoneSimulator.Build.0 = Debug|Any CPU
		{422B6BA0-0844-46B5-B087-2F921AE2DB92}.Debug|iPhoneSimulator.Deploy.0 = Debug|Any CPU
		{422B6BA0-0844-46B5-B087-2F921AE2DB92}.Debug|x64.ActiveCfg = Debug|Any CPU
		{422B6BA0-0844-46B5-B087-2F921AE2DB92}.Debug|x64.Build.0 = Debug|Any CPU
		{422B6BA0-0844-46B5-B087-2F921AE2DB92}.Debug|x64.Deploy.0 = Debug|Any CPU
		{422B6BA0-0844-46B5-B087-2F921AE2DB92}.Debug|x86.ActiveCfg = Debug|Any CPU
		{422B6BA0-0844-46B5-B087-2F921AE2DB92}.Debug|x86.Build.0 = Debug|Any CPU
		{422B6BA0-0844-46B5-B087-2F921AE2DB92}.Debug|x86.Deploy.0 = Debug|Any CPU
		{422B6BA0-0844-46B5-B087-2F921AE2DB92}.Release|Any CPU.ActiveCfg = Release|Any CPU
		{422B6BA0-0844-46B5-B087-2F921AE2DB92}.Release|Any CPU.Build.0 = Release|Any CPU
		{422B6BA0-0844-46B5-B087-2F921AE2DB92}.Release|Any CPU.Deploy.0 = Release|Any CPU
		{422B6BA0-0844-46B5-B087-2F921AE2DB92}.Release|ARM.ActiveCfg = Release|Any CPU
		{422B6BA0-0844-46B5-B087-2F921AE2DB92}.Release|ARM.Build.0 = Release|Any CPU
		{422B6BA0-0844-46B5-B087-2F921AE2DB92}.Release|ARM.Deploy.0 = Release|Any CPU
		{422B6BA0-0844-46B5-B087-2F921AE2DB92}.Release|iPhone.ActiveCfg = Release|Any CPU
		{422B6BA0-0844-46B5-B087-2F921AE2DB92}.Release|iPhone.Build.0 = Release|Any CPU
		{422B6BA0-0844-46B5-B087-2F921AE2DB92}.Release|iPhone.Deploy.0 = Release|Any CPU
		{422B6BA0-0844-46B5-B087-2F921AE2DB92}.Release|iPhoneSimulator.ActiveCfg = Release|Any CPU
		{422B6BA0-0844-46B5-B087-2F921AE2DB92}.Release|iPhoneSimulator.Build.0 = Release|Any CPU
		{422B6BA0-0844-46B5-B087-2F921AE2DB92}.Release|iPhoneSimulator.Deploy.0 = Release|Any CPU
		{422B6BA0-0844-46B5-B087-2F921AE2DB92}.Release|x64.ActiveCfg = Release|Any CPU
		{422B6BA0-0844-46B5-B087-2F921AE2DB92}.Release|x64.Build.0 = Release|Any CPU
		{422B6BA0-0844-46B5-B087-2F921AE2DB92}.Release|x64.Deploy.0 = Release|Any CPU
		{422B6BA0-0844-46B5-B087-2F921AE2DB92}.Release|x86.ActiveCfg = Release|Any CPU
		{422B6BA0-0844-46B5-B087-2F921AE2DB92}.Release|x86.Build.0 = Release|Any CPU
		{422B6BA0-0844-46B5-B087-2F921AE2DB92}.Release|x86.Deploy.0 = Release|Any CPU
		{0FE15517-A3C8-4563-9942-39A1F664FFE1}.Debug|Any CPU.ActiveCfg = Debug|iPhone
		{0FE15517-A3C8-4563-9942-39A1F664FFE1}.Debug|Any CPU.Build.0 = Debug|iPhone
		{0FE15517-A3C8-4563-9942-39A1F664FFE1}.Debug|Any CPU.Deploy.0 = Debug|iPhone
		{0FE15517-A3C8-4563-9942-39A1F664FFE1}.Debug|ARM.ActiveCfg = Debug|iPhone
		{0FE15517-A3C8-4563-9942-39A1F664FFE1}.Debug|ARM.Build.0 = Debug|iPhone
		{0FE15517-A3C8-4563-9942-39A1F664FFE1}.Debug|ARM.Deploy.0 = Debug|iPhone
		{0FE15517-A3C8-4563-9942-39A1F664FFE1}.Debug|iPhone.ActiveCfg = Debug|iPhone
		{0FE15517-A3C8-4563-9942-39A1F664FFE1}.Debug|iPhone.Build.0 = Debug|iPhone
		{0FE15517-A3C8-4563-9942-39A1F664FFE1}.Debug|iPhone.Deploy.0 = Debug|iPhone
		{0FE15517-A3C8-4563-9942-39A1F664FFE1}.Debug|iPhoneSimulator.ActiveCfg = Debug|iPhoneSimulator
		{0FE15517-A3C8-4563-9942-39A1F664FFE1}.Debug|iPhoneSimulator.Build.0 = Debug|iPhoneSimulator
		{0FE15517-A3C8-4563-9942-39A1F664FFE1}.Debug|iPhoneSimulator.Deploy.0 = Debug|iPhoneSimulator
		{0FE15517-A3C8-4563-9942-39A1F664FFE1}.Debug|x64.ActiveCfg = Debug|iPhone
		{0FE15517-A3C8-4563-9942-39A1F664FFE1}.Debug|x64.Build.0 = Debug|iPhone
		{0FE15517-A3C8-4563-9942-39A1F664FFE1}.Debug|x64.Deploy.0 = Debug|iPhone
		{0FE15517-A3C8-4563-9942-39A1F664FFE1}.Debug|x86.ActiveCfg = Debug|iPhone
		{0FE15517-A3C8-4563-9942-39A1F664FFE1}.Debug|x86.Build.0 = Debug|iPhone
		{0FE15517-A3C8-4563-9942-39A1F664FFE1}.Debug|x86.Deploy.0 = Debug|iPhone
		{0FE15517-A3C8-4563-9942-39A1F664FFE1}.Release|Any CPU.ActiveCfg = Release|iPhone
		{0FE15517-A3C8-4563-9942-39A1F664FFE1}.Release|Any CPU.Build.0 = Release|iPhone
		{0FE15517-A3C8-4563-9942-39A1F664FFE1}.Release|Any CPU.Deploy.0 = Release|iPhone
		{0FE15517-A3C8-4563-9942-39A1F664FFE1}.Release|ARM.ActiveCfg = Release|iPhone
		{0FE15517-A3C8-4563-9942-39A1F664FFE1}.Release|ARM.Build.0 = Release|iPhone
		{0FE15517-A3C8-4563-9942-39A1F664FFE1}.Release|ARM.Deploy.0 = Release|iPhone
		{0FE15517-A3C8-4563-9942-39A1F664FFE1}.Release|iPhone.ActiveCfg = Release|iPhone
		{0FE15517-A3C8-4563-9942-39A1F664FFE1}.Release|iPhone.Build.0 = Release|iPhone
		{0FE15517-A3C8-4563-9942-39A1F664FFE1}.Release|iPhone.Deploy.0 = Release|iPhone
		{0FE15517-A3C8-4563-9942-39A1F664FFE1}.Release|iPhoneSimulator.ActiveCfg = Release|iPhoneSimulator
		{0FE15517-A3C8-4563-9942-39A1F664FFE1}.Release|iPhoneSimulator.Build.0 = Release|iPhoneSimulator
		{0FE15517-A3C8-4563-9942-39A1F664FFE1}.Release|iPhoneSimulator.Deploy.0 = Release|iPhoneSimulator
		{0FE15517-A3C8-4563-9942-39A1F664FFE1}.Release|x64.ActiveCfg = Release|iPhone
		{0FE15517-A3C8-4563-9942-39A1F664FFE1}.Release|x64.Build.0 = Release|iPhone
		{0FE15517-A3C8-4563-9942-39A1F664FFE1}.Release|x64.Deploy.0 = Release|iPhone
		{0FE15517-A3C8-4563-9942-39A1F664FFE1}.Release|x86.ActiveCfg = Release|iPhone
		{0FE15517-A3C8-4563-9942-39A1F664FFE1}.Release|x86.Build.0 = Release|iPhone
		{0FE15517-A3C8-4563-9942-39A1F664FFE1}.Release|x86.Deploy.0 = Release|iPhone
		{D12E8818-0657-47D0-95E4-760B811C3C5D}.Debug|Any CPU.ActiveCfg = Debug|Any CPU
		{D12E8818-0657-47D0-95E4-760B811C3C5D}.Debug|Any CPU.Build.0 = Debug|Any CPU
		{D12E8818-0657-47D0-95E4-760B811C3C5D}.Debug|Any CPU.Deploy.0 = Debug|Any CPU
		{D12E8818-0657-47D0-95E4-760B811C3C5D}.Debug|ARM.ActiveCfg = Debug|Any CPU
		{D12E8818-0657-47D0-95E4-760B811C3C5D}.Debug|ARM.Build.0 = Debug|Any CPU
		{D12E8818-0657-47D0-95E4-760B811C3C5D}.Debug|ARM.Deploy.0 = Debug|Any CPU
		{D12E8818-0657-47D0-95E4-760B811C3C5D}.Debug|iPhone.ActiveCfg = Debug|Any CPU
		{D12E8818-0657-47D0-95E4-760B811C3C5D}.Debug|iPhone.Build.0 = Debug|Any CPU
		{D12E8818-0657-47D0-95E4-760B811C3C5D}.Debug|iPhone.Deploy.0 = Debug|Any CPU
		{D12E8818-0657-47D0-95E4-760B811C3C5D}.Debug|iPhoneSimulator.ActiveCfg = Debug|Any CPU
		{D12E8818-0657-47D0-95E4-760B811C3C5D}.Debug|iPhoneSimulator.Build.0 = Debug|Any CPU
		{D12E8818-0657-47D0-95E4-760B811C3C5D}.Debug|iPhoneSimulator.Deploy.0 = Debug|Any CPU
		{D12E8818-0657-47D0-95E4-760B811C3C5D}.Debug|x64.ActiveCfg = Debug|Any CPU
		{D12E8818-0657-47D0-95E4-760B811C3C5D}.Debug|x64.Build.0 = Debug|Any CPU
		{D12E8818-0657-47D0-95E4-760B811C3C5D}.Debug|x64.Deploy.0 = Debug|Any CPU
		{D12E8818-0657-47D0-95E4-760B811C3C5D}.Debug|x86.ActiveCfg = Debug|Any CPU
		{D12E8818-0657-47D0-95E4-760B811C3C5D}.Debug|x86.Build.0 = Debug|Any CPU
		{D12E8818-0657-47D0-95E4-760B811C3C5D}.Debug|x86.Deploy.0 = Debug|Any CPU
		{D12E8818-0657-47D0-95E4-760B811C3C5D}.Release|Any CPU.ActiveCfg = Release|Any CPU
		{D12E8818-0657-47D0-95E4-760B811C3C5D}.Release|Any CPU.Build.0 = Release|Any CPU
		{D12E8818-0657-47D0-95E4-760B811C3C5D}.Release|Any CPU.Deploy.0 = Release|Any CPU
		{D12E8818-0657-47D0-95E4-760B811C3C5D}.Release|ARM.ActiveCfg = Release|Any CPU
		{D12E8818-0657-47D0-95E4-760B811C3C5D}.Release|ARM.Build.0 = Release|Any CPU
		{D12E8818-0657-47D0-95E4-760B811C3C5D}.Release|ARM.Deploy.0 = Release|Any CPU
		{D12E8818-0657-47D0-95E4-760B811C3C5D}.Release|iPhone.ActiveCfg = Release|Any CPU
		{D12E8818-0657-47D0-95E4-760B811C3C5D}.Release|iPhone.Build.0 = Release|Any CPU
		{D12E8818-0657-47D0-95E4-760B811C3C5D}.Release|iPhone.Deploy.0 = Release|Any CPU
		{D12E8818-0657-47D0-95E4-760B811C3C5D}.Release|iPhoneSimulator.ActiveCfg = Release|Any CPU
		{D12E8818-0657-47D0-95E4-760B811C3C5D}.Release|iPhoneSimulator.Build.0 = Release|Any CPU
		{D12E8818-0657-47D0-95E4-760B811C3C5D}.Release|iPhoneSimulator.Deploy.0 = Release|Any CPU
		{D12E8818-0657-47D0-95E4-760B811C3C5D}.Release|x64.ActiveCfg = Release|Any CPU
		{D12E8818-0657-47D0-95E4-760B811C3C5D}.Release|x64.Build.0 = Release|Any CPU
		{D12E8818-0657-47D0-95E4-760B811C3C5D}.Release|x64.Deploy.0 = Release|Any CPU
		{D12E8818-0657-47D0-95E4-760B811C3C5D}.Release|x86.ActiveCfg = Release|Any CPU
		{D12E8818-0657-47D0-95E4-760B811C3C5D}.Release|x86.Build.0 = Release|Any CPU
		{D12E8818-0657-47D0-95E4-760B811C3C5D}.Release|x86.Deploy.0 = Release|Any CPU
	EndGlobalSection
	GlobalSection(SolutionProperties) = preSolution
		HideSolutionNode = FALSE
	EndGlobalSection
	GlobalSection(ExtensibilityGlobals) = postSolution
		SolutionGuid = {728388CE-18C5-43CF-B066-ED18196F21AA}
	EndGlobalSection
EndGlobal
